
Microsoft Visual Studio Solution File, Format Version 12.00
# Visual Studio 15
VisualStudioVersion = 15.0.28010.2046
MinimumVisualStudioVersion = 10.0.40219.1
Project("{FAE04EC0-301F-11D3-BF4B-00C04F79EFBC}") = "WPF_IDataErrorInfo_Sample", "WPF_IDataErrorInfo_Sample\WPF_IDataErrorInfo_Sample.csproj", "{B63A80DB-DEAF-4E42-98C7-F955A3A25A3D}"
EndProject
Global
	GlobalSection(SolutionConfigurationPlatforms) = preSolution
		Debug|Any CPU = Debug|Any CPU
		Release|Any CPU = Release|Any CPU
	EndGlobalSection
	GlobalSection(ProjectConfigurationPlatforms) = postSolution
		{B63A80DB-DEAF-4E42-98C7-F955A3A25A3D}.Debug|Any CPU.ActiveCfg = Debug|Any CPU
		{B63A80DB-DEAF-4E42-98C7-F955A3A25A3D}.Debug|Any CPU.Build.0 = Debug|Any CPU
		{B63A80DB-DEAF-4E42-98C7-F955A3A25A3D}.Release|Any CPU.ActiveCfg = Release|Any CPU
		{B63A80DB-DEAF-4E42-98C7-F955A3A25A3D}.Release|Any CPU.Build.0 = Release|Any CPU
	EndGlobalSection
	GlobalSection(SolutionProperties) = preSolution
		HideSolutionNode = FALSE
	EndGlobalSection
	GlobalSection(ExtensibilityGlobals) = postSolution
		SolutionGuid = {36540D40-5178-41E6-BBA9-88BE651B178B}
	EndGlobalSection
EndGlobal
